
Microsoft Visual Studio Solution File, Format Version 12.00
# Visual Studio Version 17
VisualStudioVersion = 17.3.32819.101
MinimumVisualStudioVersion = 10.0.40219.1
Project("{9A19103F-16F7-4668-BE54-9A1E7A4F7556}") = "SharedListApi", "SharedListApi\SharedListApi.csproj", "{20189342-979F-4359-BEAF-9334DD6CBC06}"
EndProject
Project("{9A19103F-16F7-4668-BE54-9A1E7A4F7556}") = "SharedListModels", "..\SharedListModels\SharedListModels.csproj", "{AE19D3DE-40DF-4E60-92C2-E1081EDA7566}"
EndProject
Global
	GlobalSection(SolutionConfigurationPlatforms) = preSolution
		Debug|Any CPU = Debug|Any CPU
		Release|Any CPU = Release|Any CPU
	EndGlobalSection
	GlobalSection(ProjectConfigurationPlatforms) = postSolution
		{20189342-979F-4359-BEAF-9334DD6CBC06}.Debug|Any CPU.ActiveCfg = Debug|Any CPU
		{20189342-979F-4359-BEAF-9334DD6CBC06}.Debug|Any CPU.Build.0 = Debug|Any CPU
		{20189342-979F-4359-BEAF-9334DD6CBC06}.Release|Any CPU.ActiveCfg = Release|Any CPU
		{20189342-979F-4359-BEAF-9334DD6CBC06}.Release|Any CPU.Build.0 = Release|Any CPU
		{AE19D3DE-40DF-4E60-92C2-E1081EDA7566}.Debug|Any CPU.ActiveCfg = Debug|Any CPU
		{AE19D3DE-40DF-4E60-92C2-E1081EDA7566}.Debug|Any CPU.Build.0 = Debug|Any CPU
		{AE19D3DE-40DF-4E60-92C2-E1081EDA7566}.Release|Any CPU.ActiveCfg = Release|Any CPU
		{AE19D3DE-40DF-4E60-92C2-E1081EDA7566}.Release|Any CPU.Build.0 = Release|Any CPU
	EndGlobalSection
	GlobalSection(SolutionProperties) = preSolution
		HideSolutionNode = FALSE
	EndGlobalSection
	GlobalSection(ExtensibilityGlobals) = postSolution
		SolutionGuid = {66DCAED8-D5D2-4410-94E3-AE37198F22C2}
	EndGlobalSection
EndGlobal
